
Microsoft Visual Studio Solution File, Format Version 12.00
# Visual Studio 15
VisualStudioVersion = 15.0.28307.329
MinimumVisualStudioVersion = 10.0.40219.1
Project("{FAE04EC0-301F-11D3-BF4B-00C04F79EFBC}") = "BlockExplorerWrapper", "BlockExplorerWrapper\BlockExplorerWrapper.csproj", "{94B62E3B-E3BA-48BA-B185-B91C08BC22CC}"
EndProject
Project("{FAE04EC0-301F-11D3-BF4B-00C04F79EFBC}") = "BlockExplorerWrapper.Tests", "BlockExplorerWrapper.Tests\BlockExplorerWrapper.Tests.csproj", "{0FC6925D-DA04-41D8-8835-2E2C2FCD1786}"
EndProject
Global
	GlobalSection(SolutionConfigurationPlatforms) = preSolution
		Debug|Any CPU = Debug|Any CPU
		Release|Any CPU = Release|Any CPU
	EndGlobalSection
	GlobalSection(ProjectConfigurationPlatforms) = postSolution
		{94B62E3B-E3BA-48BA-B185-B91C08BC22CC}.Debug|Any CPU.ActiveCfg = Debug|Any CPU
		{94B62E3B-E3BA-48BA-B185-B91C08BC22CC}.Debug|Any CPU.Build.0 = Debug|Any CPU
		{94B62E3B-E3BA-48BA-B185-B91C08BC22CC}.Release|Any CPU.ActiveCfg = Release|Any CPU
		{94B62E3B-E3BA-48BA-B185-B91C08BC22CC}.Release|Any CPU.Build.0 = Release|Any CPU
		{0FC6925D-DA04-41D8-8835-2E2C2FCD1786}.Debug|Any CPU.ActiveCfg = Debug|Any CPU
		{0FC6925D-DA04-41D8-8835-2E2C2FCD1786}.Debug|Any CPU.Build.0 = Debug|Any CPU
		{0FC6925D-DA04-41D8-8835-2E2C2FCD1786}.Release|Any CPU.ActiveCfg = Release|Any CPU
		{0FC6925D-DA04-41D8-8835-2E2C2FCD1786}.Release|Any CPU.Build.0 = Release|Any CPU
	EndGlobalSection
	GlobalSection(SolutionProperties) = preSolution
		HideSolutionNode = FALSE
	EndGlobalSection
	GlobalSection(ExtensibilityGlobals) = postSolution
		SolutionGuid = {E142562E-BA59-4E56-86D1-49A30F29E2D7}
	EndGlobalSection
EndGlobal
